
Microsoft Visual Studio Solution File, Format Version 12.00
# Visual Studio Version 17
VisualStudioVersion = 17.1.32210.238
MinimumVisualStudioVersion = 10.0.40219.1
Project("{FAE04EC0-301F-11D3-BF4B-00C04F79EFBC}") = "IsItRunning", "IsItRunning\IsItRunning.csproj", "{D5108D2A-06E8-446A-9DE9-8E9E155C888B}"
EndProject
Global
	GlobalSection(SolutionConfigurationPlatforms) = preSolution
		Debug|Any CPU = Debug|Any CPU
		Debug|x64 = Debug|x64
		Release|Any CPU = Release|Any CPU
		Release|x64 = Release|x64
	EndGlobalSection
	GlobalSection(ProjectConfigurationPlatforms) = postSolution
		{D5108D2A-06E8-446A-9DE9-8E9E155C888B}.Debug|Any CPU.ActiveCfg = Debug|Any CPU
		{D5108D2A-06E8-446A-9DE9-8E9E155C888B}.Debug|Any CPU.Build.0 = Debug|Any CPU
		{D5108D2A-06E8-446A-9DE9-8E9E155C888B}.Debug|x64.ActiveCfg = Debug|x64
		{D5108D2A-06E8-446A-9DE9-8E9E155C888B}.Debug|x64.Build.0 = Debug|x64
		{D5108D2A-06E8-446A-9DE9-8E9E155C888B}.Release|Any CPU.ActiveCfg = Release|Any CPU
		{D5108D2A-06E8-446A-9DE9-8E9E155C888B}.Release|Any CPU.Build.0 = Release|Any CPU
		{D5108D2A-06E8-446A-9DE9-8E9E155C888B}.Release|x64.ActiveCfg = Release|x64
		{D5108D2A-06E8-446A-9DE9-8E9E155C888B}.Release|x64.Build.0 = Release|x64
	EndGlobalSection
	GlobalSection(SolutionProperties) = preSolution
		HideSolutionNode = FALSE
	EndGlobalSection
	GlobalSection(ExtensibilityGlobals) = postSolution
		SolutionGuid = {62A37F55-5A38-42E1-BD86-2F9D18285615}
	EndGlobalSection
EndGlobal
